// !$*UTF8*$!
{
	archiveVersion = 1;
	classes = {
	};
	objectVersion = 56;
	objects = {

/* Begin PBXBuildFile section */
		64B1E1112C7636B9008FEBCA /* AppDelegate.swift in Sources */ = {isa = PBXBuildFile; fileRef = 64B1E1102C7636B9008FEBCA /* AppDelegate.swift */; };
		64B1E1132C7636B9008FEBCA /* SceneDelegate.swift in Sources */ = {isa = PBXBuildFile; fileRef = 64B1E1122C7636B9008FEBCA /* SceneDelegate.swift */; };
		64B1E1152C7636B9008FEBCA /* MainViewController.swift in Sources */ = {isa = PBXBuildFile; fileRef = 64B1E1142C7636B9008FEBCA /* MainViewController.swift */; };
		64B1E11B2C7636B9008FEBCA /* RSG.xcdatamodeld in Sources */ = {isa = PBXBuildFile; fileRef = 64B1E1192C7636B9008FEBCA /* RSG.xcdatamodeld */; };
		64B1E11D2C7636B9008FEBCA /* Assets.xcassets in Resources */ = {isa = PBXBuildFile; fileRef = 64B1E11C2C7636B9008FEBCA /* Assets.xcassets */; };
		64B1E1202C7636B9008FEBCA /* LaunchScreen.storyboard in Resources */ = {isa = PBXBuildFile; fileRef = 64B1E11E2C7636B9008FEBCA /* LaunchScreen.storyboard */; };
		64B1E1302C763F30008FEBCA /* ImageResize.swift in Sources */ = {isa = PBXBuildFile; fileRef = 64B1E12F2C763F30008FEBCA /* ImageResize.swift */; };
/* End PBXBuildFile section */

/* Begin PBXFileReference section */
		64B1E10D2C7636B9008FEBCA /* RSG.app */ = {isa = PBXFileReference; explicitFileType = wrapper.application; includeInIndex = 0; path = RSG.app; sourceTree = BUILT_PRODUCTS_DIR; };
		64B1E1102C7636B9008FEBCA /* AppDelegate.swift */ = {isa = PBXFileReference; lastKnownFileType = sourcecode.swift; path = AppDelegate.swift; sourceTree = "<group>"; };
		64B1E1122C7636B9008FEBCA /* SceneDelegate.swift */ = {isa = PBXFileReference; lastKnownFileType = sourcecode.swift; path = SceneDelegate.swift; sourceTree = "<group>"; };
		64B1E1142C7636B9008FEBCA /* MainViewController.swift */ = {isa = PBXFileReference; lastKnownFileType = sourcecode.swift; path = MainViewController.swift; sourceTree = "<group>"; };
		64B1E11A2C7636B9008FEBCA /* RSG.xcdatamodel */ = {isa = PBXFileReference; lastKnownFileType = wrapper.xcdatamodel; path = RSG.xcdatamodel; sourceTree = "<group>"; };
		64B1E11C2C7636B9008FEBCA /* Assets.xcassets */ = {isa = PBXFileReference; lastKnownFileType = folder.assetcatalog; path = Assets.xcassets; sourceTree = "<group>"; };
		64B1E11F2C7636B9008FEBCA /* Base */ = {isa = PBXFileReference; lastKnownFileType = file.storyboard; name = Base; path = Base.lproj/LaunchScreen.storyboard; sourceTree = "<group>"; };
		64B1E1212C7636B9008FEBCA /* Info.plist */ = {isa = PBXFileReference; lastKnownFileType = text.plist.xml; path = Info.plist; sourceTree = "<group>"; };
		64B1E12F2C763F30008FEBCA /* ImageResize.swift */ = {isa = PBXFileReference; lastKnownFileType = sourcecode.swift; path = ImageResize.swift; sourceTree = "<group>"; };
/* End PBXFileReference section */

/* Begin PBXFrameworksBuildPhase section */
		64B1E10A2C7636B9008FEBCA /* Frameworks */ = {
			isa = PBXFrameworksBuildPhase;
			buildActionMask = 2147483647;
			files = (
			);
			runOnlyForDeploymentPostprocessing = 0;
		};
/* End PBXFrameworksBuildPhase section */

/* Begin PBXGroup section */
		64B1E1042C7636B9008FEBCA = {
			isa = PBXGroup;
			children = (
				64B1E10F2C7636B9008FEBCA /* RSG */,
				64B1E10E2C7636B9008FEBCA /* Products */,
			);
			sourceTree = "<group>";
		};
		64B1E10E2C7636B9008FEBCA /* Products */ = {
			isa = PBXGroup;
			children = (
				64B1E10D2C7636B9008FEBCA /* RSG.app */,
			);
			name = Products;
			sourceTree = "<group>";
		};
		64B1E10F2C7636B9008FEBCA /* RSG */ = {
			isa = PBXGroup;
			children = (
				64B1E12E2C763F23008FEBCA /* Utils */,
				64B1E1102C7636B9008FEBCA /* AppDelegate.swift */,
				64B1E1142C7636B9008FEBCA /* MainViewController.swift */,
				64B1E1122C7636B9008FEBCA /* SceneDelegate.swift */,
				64B1E11C2C7636B9008FEBCA /* Assets.xcassets */,
				64B1E11E2C7636B9008FEBCA /* LaunchScreen.storyboard */,
				64B1E1212C7636B9008FEBCA /* Info.plist */,
				64B1E1192C7636B9008FEBCA /* RSG.xcdatamodeld */,
			);
			path = RSG;
			sourceTree = "<group>";
		};
		64B1E12E2C763F23008FEBCA /* Utils */ = {
			isa = PBXGroup;
			children = (
				64B1E12F2C763F30008FEBCA /* ImageResize.swift */,
			);
			path = Utils;
			sourceTree = "<group>";
		};
/* End PBXGroup section */

/* Begin PBXNativeTarget section */
		64B1E10C2C7636B9008FEBCA /* RSG */ = {
			isa = PBXNativeTarget;
			buildConfigurationList = 64B1E1242C7636B9008FEBCA /* Build configuration list for PBXNativeTarget "RSG" */;
			buildPhases = (
				64B1E1092C7636B9008FEBCA /* Sources */,
				64B1E10A2C7636B9008FEBCA /* Frameworks */,
				64B1E10B2C7636B9008FEBCA /* Resources */,
			);
			buildRules = (
			);
			dependencies = (
			);
			name = RSG;
			productName = RSG;
			productReference = 64B1E10D2C7636B9008FEBCA /* RSG.app */;
			productType = "com.apple.product-type.application";
		};
/* End PBXNativeTarget section */

/* Begin PBXProject section */
		64B1E1052C7636B9008FEBCA /* Project object */ = {
			isa = PBXProject;
			attributes = {
				BuildIndependentTargetsInParallel = 1;
				LastSwiftUpdateCheck = 1430;
				LastUpgradeCheck = 1430;
				TargetAttributes = {
					64B1E10C2C7636B9008FEBCA = {
						CreatedOnToolsVersion = 14.3.1;
					};
				};
			};
			buildConfigurationList = 64B1E1082C7636B9008FEBCA /* Build configuration list for PBXProject "RSG" */;
			compatibilityVersion = "Xcode 14.0";
			developmentRegion = en;
			hasScannedForEncodings = 0;
			knownRegions = (
				en,
				Base,
			);
			mainGroup = 64B1E1042C7636B9008FEBCA;
			productRefGroup = 64B1E10E2C7636B9008FEBCA /* Products */;
			projectDirPath = "";
			projectRoot = "";
			targets = (
				64B1E10C2C7636B9008FEBCA /* RSG */,
			);
		};
/* End PBXProject section */

/* Begin PBXResourcesBuildPhase section */
		64B1E10B2C7636B9008FEBCA /* Resources */ = {
			isa = PBXResourcesBuildPhase;
			buildActionMask = 2147483647;
			files = (
				64B1E1202C7636B9008FEBCA /* LaunchScreen.storyboard in Resources */,
				64B1E11D2C7636B9008FEBCA /* Assets.xcassets in Resources */,
			);
			runOnlyForDeploymentPostprocessing = 0;
		};
/* End PBXResourcesBuildPhase section */

/* Begin PBXSourcesBuildPhase section */
		64B1E1092C7636B9008FEBCA /* Sources */ = {
			isa = PBXSourcesBuildPhase;
			buildActionMask = 2147483647;
			files = (
				64B1E1302C763F30008FEBCA /* ImageResize.swift in Sources */,
				64B1E11B2C7636B9008FEBCA /* RSG.xcdatamodeld in Sources */,
				64B1E1152C7636B9008FEBCA /* MainViewController.swift in Sources */,
				64B1E1112C7636B9008FEBCA /* AppDelegate.swift in Sources */,
				64B1E1132C7636B9008FEBCA /* SceneDelegate.swift in Sources */,
			);
			runOnlyForDeploymentPostprocessing = 0;
		};
/* End PBXSourcesBuildPhase section */

/* Begin PBXVariantGroup section */
		64B1E11E2C7636B9008FEBCA /* LaunchScreen.storyboard */ = {
			isa = PBXVariantGroup;
			children = (
				64B1E11F2C7636B9008FEBCA /* Base */,
			);
			name = LaunchScreen.storyboard;
			sourceTree = "<group>";
		};
/* End PBXVariantGroup section */

/* Begin XCBuildConfiguration section */
		64B1E1222C7636B9008FEBCA /* Debug */ = {
			isa = XCBuildConfiguration;
			buildSettings = {
				ALWAYS_SEARCH_USER_PATHS = NO;
				CLANG_ANALYZER_NONNULL = YES;
				CLANG_ANALYZER_NUMBER_OBJECT_CONVERSION = YES_AGGRESSIVE;
				CLANG_CXX_LANGUAGE_STANDARD = "gnu++20";
				CLANG_ENABLE_MODULES = YES;
				CLANG_ENABLE_OBJC_ARC = YES;
				CLANG_ENABLE_OBJC_WEAK = YES;
				CLANG_WARN_BLOCK_CAPTURE_AUTORELEASING = YES;
				CLANG_WARN_BOOL_CONVERSION = YES;
				CLANG_WARN_COMMA = YES;
				CLANG_WARN_CONSTANT_CONVERSION = YES;
				CLANG_WARN_DEPRECATED_OBJC_IMPLEMENTATIONS = YES;
				CLANG_WARN_DIRECT_OBJC_ISA_USAGE = YES_ERROR;
				CLANG_WARN_DOCUMENTATION_COMMENTS = YES;
				CLANG_WARN_EMPTY_BODY = YES;
				CLANG_WARN_ENUM_CONVERSION = YES;
				CLANG_WARN_INFINITE_RECURSION = YES;
				CLANG_WARN_INT_CONVERSION = YES;
				CLANG_WARN_NON_LITERAL_NULL_CONVERSION = YES;
				CLANG_WARN_OBJC_IMPLICIT_RETAIN_SELF = YES;
				CLANG_WARN_OBJC_LITERAL_CONVERSION = YES;
				CLANG_WARN_OBJC_ROOT_CLASS = YES_ERROR;
				CLANG_WARN_QUOTED_INCLUDE_IN_FRAMEWORK_HEADER = YES;
				CLANG_WARN_RANGE_LOOP_ANALYSIS = YES;
				CLANG_WARN_STRICT_PROTOTYPES = YES;
				CLANG_WARN_SUSPICIOUS_MOVE = YES;
				CLANG_WARN_UNGUARDED_AVAILABILITY = YES_AGGRESSIVE;
				CLANG_WARN_UNREACHABLE_CODE = YES;
				CLANG_WARN__DUPLICATE_METHOD_MATCH = YES;
				COPY_PHASE_STRIP = NO;
				DEBUG_INFORMATION_FORMAT = dwarf;
				ENABLE_STRICT_OBJC_MSGSEND = YES;
				ENABLE_TESTABILITY = YES;
				GCC_C_LANGUAGE_STANDARD = gnu11;
				GCC_DYNAMIC_NO_PIC = NO;
				GCC_NO_COMMON_BLOCKS = YES;
				GCC_OPTIMIZATION_LEVEL = 0;
				GCC_PREPROCESSOR_DEFINITIONS = (
					"DEBUG=1",
					"$(inherited)",
				);
				GCC_WARN_64_TO_32_BIT_CONVERSION = YES;
				GCC_WARN_ABOUT_RETURN_TYPE = YES_ERROR;
				GCC_WARN_UNDECLARED_SELECTOR = YES;
				GCC_WARN_UNINITIALIZED_AUTOS = YES_AGGRESSIVE;
				GCC_WARN_UNUSED_FUNCTION = YES;
				GCC_WARN_UNUSED_VARIABLE = YES;
				IPHONEOS_DEPLOYMENT_TARGET = 16.4;
				MTL_ENABLE_DEBUG_INFO = INCLUDE_SOURCE;
				MTL_FAST_MATH = YES;
				ONLY_ACTIVE_ARCH = YES;
				SDKROOT = iphoneos;
				SWIFT_ACTIVE_COMPILATION_CONDITIONS = DEBUG;
				SWIFT_OPTIMIZATION_LEVEL = "-Onone";
			};
			name = Debug;
		};
		64B1E1232C7636B9008FEBCA /* Release */ = {
			isa = XCBuildConfiguration;
			buildSettings = {
				ALWAYS_SEARCH_USER_PATHS = NO;
				CLANG_ANALYZER_NONNULL = YES;
				CLANG_ANALYZER_NUMBER_OBJECT_CONVERSION = YES_AGGRESSIVE;
				CLANG_CXX_LANGUAGE_STANDARD = "gnu++20";
				CLANG_ENABLE_MODULES = YES;
				CLANG_ENABLE_OBJC_ARC = YES;
				CLANG_ENABLE_OBJC_WEAK = YES;
				CLANG_WARN_BLOCK_CAPTURE_AUTORELEASING = YES;
				CLANG_WARN_BOOL_CONVERSION = YES;
				CLANG_WARN_COMMA = YES;
				CLANG_WARN_CONSTANT_CONVERSION = YES;
				CLANG_WARN_DEPRECATED_OBJC_IMPLEMENTATIONS = YES;
				CLANG_WARN_DIRECT_OBJC_ISA_USAGE = YES_ERROR;
				CLANG_WARN_DOCUMENTATION_COMMENTS = YES;
				CLANG_WARN_EMPTY_BODY = YES;
				CLANG_WARN_ENUM_CONVERSION = YES;
				CLANG_WARN_INFINITE_RECURSION = YES;
				CLANG_WARN_INT_CONVERSION = YES;
				CLANG_WARN_NON_LITERAL_NULL_CONVERSION = YES;
				CLANG_WARN_OBJC_IMPLICIT_RETAIN_SELF = YES;
				CLANG_WARN_OBJC_LITERAL_CONVERSION = YES;
				CLANG_WARN_OBJC_ROOT_CLASS = YES_ERROR;
				CLANG_WARN_QUOTED_INCLUDE_IN_FRAMEWORK_HEADER = YES;
				CLANG_WARN_RANGE_LOOP_ANALYSIS = YES;
				CLANG_WARN_STRICT_PROTOTYPES = YES;
				CLANG_WARN_SUSPICIOUS_MOVE = YES;
				CLANG_WARN_UNGUARDED_AVAILABILITY = YES_AGGRESSIVE;
				CLANG_WARN_UNREACHABLE_CODE = YES;
				CLANG_WARN__DUPLICATE_METHOD_MATCH = YES;
				COPY_PHASE_STRIP = NO;
				DEBUG_INFORMATION_FORMAT = "dwarf-with-dsym";
				ENABLE_NS_ASSERTIONS = NO;
				ENABLE_STRICT_OBJC_MSGSEND = YES;
				GCC_C_LANGUAGE_STANDARD = gnu11;
				GCC_NO_COMMON_BLOCKS = YES;
				GCC_WARN_64_TO_32_BIT_CONVERSION = YES;
				GCC_WARN_ABOUT_RETURN_TYPE = YES_ERROR;
				GCC_WARN_UNDECLARED_SELECTOR = YES;
				GCC_WARN_UNINITIALIZED_AUTOS = YES_AGGRESSIVE;
				GCC_WARN_UNUSED_FUNCTION = YES;
				GCC_WARN_UNUSED_VARIABLE = YES;
				IPHONEOS_DEPLOYMENT_TARGET = 16.4;
				MTL_ENABLE_DEBUG_INFO = NO;
				MTL_FAST_MATH = YES;
				SDKROOT = iphoneos;
				SWIFT_COMPILATION_MODE = wholemodule;
				SWIFT_OPTIMIZATION_LEVEL = "-O";
				VALIDATE_PRODUCT = YES;
			};
			name = Release;
		};
		64B1E1252C7636B9008FEBCA /* Debug */ = {
			isa = XCBuildConfiguration;
			buildSettings = {
				ASSETCATALOG_COMPILER_APPICON_NAME = AppIcon;
				ASSETCATALOG_COMPILER_GLOBAL_ACCENT_COLOR_NAME = AccentColor;
				CODE_SIGN_STYLE = Automatic;
				CURRENT_PROJECT_VERSION = 1;
				DEVELOPMENT_TEAM = W68R799CRJ;
				GENERATE_INFOPLIST_FILE = YES;
				INFOPLIST_FILE = RSG/Info.plist;
				INFOPLIST_KEY_UIApplicationSupportsIndirectInputEvents = YES;
				INFOPLIST_KEY_UILaunchStoryboardName = LaunchScreen;
				INFOPLIST_KEY_UISupportedInterfaceOrientations_iPad = "UIInterfaceOrientationPortrait UIInterfaceOrientationPortraitUpsideDown UIInterfaceOrientationLandscapeLeft UIInterfaceOrientationLandscapeRight";
				INFOPLIST_KEY_UISupportedInterfaceOrientations_iPhone = "UIInterfaceOrientationPortrait UIInterfaceOrientationLandscapeLeft UIInterfaceOrientationLandscapeRight";
				IPHONEOS_DEPLOYMENT_TARGET = 14.0;
				LD_RUNPATH_SEARCH_PATHS = (
					"$(inherited)",
					"@executable_path/Frameworks",
				);
				MARKETING_VERSION = 1.0;
				PRODUCT_BUNDLE_IDENTIFIER = Kazybekov.Yersin.RSG;
				PRODUCT_NAME = "$(TARGET_NAME)";
				SWIFT_EMIT_LOC_STRINGS = YES;
				SWIFT_VERSION = 5.0;
				TARGETED_DEVICE_FAMILY = "1,2";
			};
			name = Debug;
		};
		64B1E1262C7636B9008FEBCA /* Release */ = {
			isa = XCBuildConfiguration;
			buildSettings = {
				ASSETCATALOG_COMPILER_APPICON_NAME = AppIcon;
				ASSETCATALOG_COMPILER_GLOBAL_ACCENT_COLOR_NAME = AccentColor;
				CODE_SIGN_STYLE = Automatic;
				CURRENT_PROJECT_VERSION = 1;
				DEVELOPMENT_TEAM = W68R799CRJ;
				GENERATE_INFOPLIST_FILE = YES;
				INFOPLIST_FILE = RSG/Info.plist;
				INFOPLIST_KEY_UIApplicationSupportsIndirectInputEvents = YES;
				INFOPLIST_KEY_UILaunchStoryboardName = LaunchScreen;
				INFOPLIST_KEY_UISupportedInterfaceOrientations_iPad = "UIInterfaceOrientationPortrait UIInterfaceOrientationPortraitUpsideDown UIInterfaceOrientationLandscapeLeft UIInterfaceOrientationLandscapeRight";
				INFOPLIST_KEY_UISupportedInterfaceOrientations_iPhone = "UIInterfaceOrientationPortrait UIInterfaceOrientationLandscapeLeft UIInterfaceOrientationLandscapeRight";
				IPHONEOS_DEPLOYMENT_TARGET = 14.0;
				LD_RUNPATH_SEARCH_PATHS = (
					"$(inherited)",
					"@executable_path/Frameworks",
				);
				MARKETING_VERSION = 1.0;
				PRODUCT_BUNDLE_IDENTIFIER = Kazybekov.Yersin.RSG;
				PRODUCT_NAME = "$(TARGET_NAME)";
				SWIFT_EMIT_LOC_STRINGS = YES;
				SWIFT_VERSION = 5.0;
				TARGETED_DEVICE_FAMILY = "1,2";
			};
			name = Release;
		};
/* End XCBuildConfiguration section */

/* Begin XCConfigurationList section */
		64B1E1082C7636B9008FEBCA /* Build configuration list for PBXProject "RSG" */ = {
			isa = XCConfigurationList;
			buildConfigurations = (
				64B1E1222C7636B9008FEBCA /* Debug */,
				64B1E1232C7636B9008FEBCA /* Release */,
			);
			defaultConfigurationIsVisible = 0;
			defaultConfigurationName = Release;
		};
		64B1E1242C7636B9008FEBCA /* Build configuration list for PBXNativeTarget "RSG" */ = {
			isa = XCConfigurationList;
			buildConfigurations = (
				64B1E1252C7636B9008FEBCA /* Debug */,
				64B1E1262C7636B9008FEBCA /* Release */,
			);
			defaultConfigurationIsVisible = 0;
			defaultConfigurationName = Release;
		};
/* End XCConfigurationList section */

/* Begin XCVersionGroup section */
		64B1E1192C7636B9008FEBCA /* RSG.xcdatamodeld */ = {
			isa = XCVersionGroup;
			children = (
				64B1E11A2C7636B9008FEBCA /* RSG.xcdatamodel */,
			);
			currentVersion = 64B1E11A2C7636B9008FEBCA /* RSG.xcdatamodel */;
			path = RSG.xcdatamodeld;
			sourceTree = "<group>";
			versionGroupType = wrapper.xcdatamodel;
		};
/* End XCVersionGroup section */
	};
	rootObject = 64B1E1052C7636B9008FEBCA /* Project object */;
}
